
Microsoft Visual Studio Solution File, Format Version 12.00
# Visual Studio Version 17
VisualStudioVersion = 17.8.34511.84
MinimumVisualStudioVersion = 10.0.40219.1
Project("{FAE04EC0-301F-11D3-BF4B-00C04F79EFBC}") = "Githubvideo", "Githubvideo.csproj", "{93F95070-8609-4A89-81E7-D80B8E96BB8A}"
EndProject
Global
	GlobalSection(SolutionConfigurationPlatforms) = preSolution
		Debug|Any CPU = Debug|Any CPU
		Release|Any CPU = Release|Any CPU
	EndGlobalSection
	GlobalSection(ProjectConfigurationPlatforms) = postSolution
		{93F95070-8609-4A89-81E7-D80B8E96BB8A}.Debug|Any CPU.ActiveCfg = Debug|Any CPU
		{93F95070-8609-4A89-81E7-D80B8E96BB8A}.Debug|Any CPU.Build.0 = Debug|Any CPU
		{93F95070-8609-4A89-81E7-D80B8E96BB8A}.Release|Any CPU.ActiveCfg = Release|Any CPU
		{93F95070-8609-4A89-81E7-D80B8E96BB8A}.Release|Any CPU.Build.0 = Release|Any CPU
	EndGlobalSection
	GlobalSection(SolutionProperties) = preSolution
		HideSolutionNode = FALSE
	EndGlobalSection
	GlobalSection(ExtensibilityGlobals) = postSolution
		SolutionGuid = {05A204E4-1A9D-4944-ACF7-789AD774E83F}
	EndGlobalSection
EndGlobal
